
Microsoft Visual Studio Solution File, Format Version 12.00
# Visual Studio Version 17
VisualStudioVersion = 17.3.32825.248
MinimumVisualStudioVersion = 10.0.40219.1
Project("{FAE04EC0-301F-11D3-BF4B-00C04F79EFBC}") = "Kryptering", "Kryptering\Kryptering.csproj", "{64AEB85B-8B7C-4C25-8BB9-5DA313F53B0D}"
EndProject
Global
	GlobalSection(SolutionConfigurationPlatforms) = preSolution
		Debug|Any CPU = Debug|Any CPU
		Release|Any CPU = Release|Any CPU
	EndGlobalSection
	GlobalSection(ProjectConfigurationPlatforms) = postSolution
		{64AEB85B-8B7C-4C25-8BB9-5DA313F53B0D}.Debug|Any CPU.ActiveCfg = Debug|Any CPU
		{64AEB85B-8B7C-4C25-8BB9-5DA313F53B0D}.Debug|Any CPU.Build.0 = Debug|Any CPU
		{64AEB85B-8B7C-4C25-8BB9-5DA313F53B0D}.Release|Any CPU.ActiveCfg = Release|Any CPU
		{64AEB85B-8B7C-4C25-8BB9-5DA313F53B0D}.Release|Any CPU.Build.0 = Release|Any CPU
	EndGlobalSection
	GlobalSection(SolutionProperties) = preSolution
		HideSolutionNode = FALSE
	EndGlobalSection
	GlobalSection(ExtensibilityGlobals) = postSolution
		SolutionGuid = {76079263-F5AA-442C-8902-15DE8978DE8F}
	EndGlobalSection
EndGlobal
